
Microsoft Visual Studio Solution File, Format Version 12.00
# Visual Studio Version 16
VisualStudioVersion = 16.0.30907.101
MinimumVisualStudioVersion = 10.0.40219.1
Project("{2150E333-8FDC-42A3-9474-1A3956D46DE8}") = "Src", "Src", "{9CC45EB8-7423-420F-9980-922D9B0B5FB4}"
EndProject
Project("{2150E333-8FDC-42A3-9474-1A3956D46DE8}") = "Core", "Core", "{AF5BDB36-7F67-45DB-979D-A797D7C0F2B3}"
EndProject
Project("{2150E333-8FDC-42A3-9474-1A3956D46DE8}") = "Infrastrucure", "Infrastrucure", "{35CB278D-1C19-49DB-B2C6-16BA99E2B493}"
EndProject
Project("{2150E333-8FDC-42A3-9474-1A3956D46DE8}") = "Presentation", "Presentation", "{7D3527C1-0259-435A-967F-25DC3A6EB397}"
EndProject
Project("{2150E333-8FDC-42A3-9474-1A3956D46DE8}") = "Common", "Common", "{FB5CB611-A73B-48F8-BF84-2D13E5245AFE}"
EndProject
Project("{2150E333-8FDC-42A3-9474-1A3956D46DE8}") = "Services", "Services", "{4DDD4045-EE85-42E3-BE22-48FE9985E5FF}"
EndProject
Project("{9A19103F-16F7-4668-BE54-9A1E7A4F7556}") = "PrometheusMetrics", "Src\Logging.Service.PrometheusMetrics\PrometheusMetrics.csproj", "{9C4F1973-8575-4F16-A37D-188E9D686E9B}"
EndProject
Project("{9A19103F-16F7-4668-BE54-9A1E7A4F7556}") = "Slave1", "Src\Logging.Service.Slave1\Slave1.csproj", "{C3B8A5D4-9EA3-45FA-9B38-7E11E2F11B31}"
EndProject
Project("{9A19103F-16F7-4668-BE54-9A1E7A4F7556}") = "Slave2", "Src\Logging.Service.Slave2\Slave2.csproj", "{F093DED7-4FEB-411D-B724-958EE20504F7}"
EndProject
Project("{9A19103F-16F7-4668-BE54-9A1E7A4F7556}") = "RedisCache", "Src\Logging.RedisCache\RedisCache.csproj", "{04442BF7-6B7C-425A-B713-23B456785854}"
EndProject
Project("{2150E333-8FDC-42A3-9474-1A3956D46DE8}") = "Logs", "Logs", "{CEF2923F-5AA9-41E4-8205-8A3D204CFEFA}"
	ProjectSection(SolutionItems) = preProject
		Logs\app.log = Logs\app.log
	EndProjectSection
EndProject
Project("{9A19103F-16F7-4668-BE54-9A1E7A4F7556}") = "Shared", "Src\Logging.Shared\Shared.csproj", "{7B9AE2E8-7BBF-425F-9E81-FFED1160D530}"
EndProject
Project("{9A19103F-16F7-4668-BE54-9A1E7A4F7556}") = "KafkaConsoleApp", "Src\Logging.KafkaConsoleApp\KafkaConsoleApp.csproj", "{7C4EA57F-4713-4E62-AF1A-CA0316C136B8}"
EndProject
Project("{2150E333-8FDC-42A3-9474-1A3956D46DE8}") = "Solution Items", "Solution Items", "{F80391A7-B4FC-4AF7-AF1A-E756670F26A4}"
	ProjectSection(SolutionItems) = preProject
		nuget.config = nuget.config
	EndProjectSection
EndProject
Project("{9A19103F-16F7-4668-BE54-9A1E7A4F7556}") = "Application", "Src\Logging.Service.Master\Application\Application.csproj", "{D173E392-375F-4B3D-8E2B-50C41FC25197}"
EndProject
Project("{9A19103F-16F7-4668-BE54-9A1E7A4F7556}") = "Common", "Src\Logging.Service.Master\Common\Common.csproj", "{5289F031-97AD-4545-B123-DC6C90368533}"
EndProject
Project("{9A19103F-16F7-4668-BE54-9A1E7A4F7556}") = "Domain", "Src\Logging.Service.Master\Domain\Domain.csproj", "{20BCA4BD-C6F5-4CE6-B093-A4AFBE25C707}"
EndProject
Project("{9A19103F-16F7-4668-BE54-9A1E7A4F7556}") = "Infrastrucure", "Src\Logging.Service.Master\Infrastructure\Infrastrucure.csproj", "{23901F2A-311D-4C17-B99A-840F11423750}"
EndProject
Project("{9A19103F-16F7-4668-BE54-9A1E7A4F7556}") = "Persistence", "Src\Logging.Service.Master\Persistence\Persistence.csproj", "{347F2980-E823-45BB-94F4-FF09D1DCB1C3}"
EndProject
Project("{9A19103F-16F7-4668-BE54-9A1E7A4F7556}") = "Master", "Src\Logging.Service.Master\Api\Master.csproj", "{89E9F01A-1867-4638-B0FC-6029A4130F55}"
EndProject
Global
	GlobalSection(SolutionConfigurationPlatforms) = preSolution
		Debug|Any CPU = Debug|Any CPU
		Release|Any CPU = Release|Any CPU
	EndGlobalSection
	GlobalSection(ProjectConfigurationPlatforms) = postSolution
		{9C4F1973-8575-4F16-A37D-188E9D686E9B}.Debug|Any CPU.ActiveCfg = Debug|Any CPU
		{9C4F1973-8575-4F16-A37D-188E9D686E9B}.Debug|Any CPU.Build.0 = Debug|Any CPU
		{9C4F1973-8575-4F16-A37D-188E9D686E9B}.Release|Any CPU.ActiveCfg = Release|Any CPU
		{9C4F1973-8575-4F16-A37D-188E9D686E9B}.Release|Any CPU.Build.0 = Release|Any CPU
		{C3B8A5D4-9EA3-45FA-9B38-7E11E2F11B31}.Debug|Any CPU.ActiveCfg = Debug|Any CPU
		{C3B8A5D4-9EA3-45FA-9B38-7E11E2F11B31}.Debug|Any CPU.Build.0 = Debug|Any CPU
		{C3B8A5D4-9EA3-45FA-9B38-7E11E2F11B31}.Release|Any CPU.ActiveCfg = Release|Any CPU
		{C3B8A5D4-9EA3-45FA-9B38-7E11E2F11B31}.Release|Any CPU.Build.0 = Release|Any CPU
		{F093DED7-4FEB-411D-B724-958EE20504F7}.Debug|Any CPU.ActiveCfg = Debug|Any CPU
		{F093DED7-4FEB-411D-B724-958EE20504F7}.Debug|Any CPU.Build.0 = Debug|Any CPU
		{F093DED7-4FEB-411D-B724-958EE20504F7}.Release|Any CPU.ActiveCfg = Release|Any CPU
		{F093DED7-4FEB-411D-B724-958EE20504F7}.Release|Any CPU.Build.0 = Release|Any CPU
		{04442BF7-6B7C-425A-B713-23B456785854}.Debug|Any CPU.ActiveCfg = Debug|Any CPU
		{04442BF7-6B7C-425A-B713-23B456785854}.Debug|Any CPU.Build.0 = Debug|Any CPU
		{04442BF7-6B7C-425A-B713-23B456785854}.Release|Any CPU.ActiveCfg = Release|Any CPU
		{04442BF7-6B7C-425A-B713-23B456785854}.Release|Any CPU.Build.0 = Release|Any CPU
		{7B9AE2E8-7BBF-425F-9E81-FFED1160D530}.Debug|Any CPU.ActiveCfg = Debug|Any CPU
		{7B9AE2E8-7BBF-425F-9E81-FFED1160D530}.Debug|Any CPU.Build.0 = Debug|Any CPU
		{7B9AE2E8-7BBF-425F-9E81-FFED1160D530}.Release|Any CPU.ActiveCfg = Release|Any CPU
		{7B9AE2E8-7BBF-425F-9E81-FFED1160D530}.Release|Any CPU.Build.0 = Release|Any CPU
		{7C4EA57F-4713-4E62-AF1A-CA0316C136B8}.Debug|Any CPU.ActiveCfg = Debug|Any CPU
		{7C4EA57F-4713-4E62-AF1A-CA0316C136B8}.Debug|Any CPU.Build.0 = Debug|Any CPU
		{7C4EA57F-4713-4E62-AF1A-CA0316C136B8}.Release|Any CPU.ActiveCfg = Release|Any CPU
		{7C4EA57F-4713-4E62-AF1A-CA0316C136B8}.Release|Any CPU.Build.0 = Release|Any CPU
		{D173E392-375F-4B3D-8E2B-50C41FC25197}.Debug|Any CPU.ActiveCfg = Debug|Any CPU
		{D173E392-375F-4B3D-8E2B-50C41FC25197}.Debug|Any CPU.Build.0 = Debug|Any CPU
		{D173E392-375F-4B3D-8E2B-50C41FC25197}.Release|Any CPU.ActiveCfg = Release|Any CPU
		{D173E392-375F-4B3D-8E2B-50C41FC25197}.Release|Any CPU.Build.0 = Release|Any CPU
		{5289F031-97AD-4545-B123-DC6C90368533}.Debug|Any CPU.ActiveCfg = Debug|Any CPU
		{5289F031-97AD-4545-B123-DC6C90368533}.Debug|Any CPU.Build.0 = Debug|Any CPU
		{5289F031-97AD-4545-B123-DC6C90368533}.Release|Any CPU.ActiveCfg = Release|Any CPU
		{5289F031-97AD-4545-B123-DC6C90368533}.Release|Any CPU.Build.0 = Release|Any CPU
		{20BCA4BD-C6F5-4CE6-B093-A4AFBE25C707}.Debug|Any CPU.ActiveCfg = Debug|Any CPU
		{20BCA4BD-C6F5-4CE6-B093-A4AFBE25C707}.Debug|Any CPU.Build.0 = Debug|Any CPU
		{20BCA4BD-C6F5-4CE6-B093-A4AFBE25C707}.Release|Any CPU.ActiveCfg = Release|Any CPU
		{20BCA4BD-C6F5-4CE6-B093-A4AFBE25C707}.Release|Any CPU.Build.0 = Release|Any CPU
		{23901F2A-311D-4C17-B99A-840F11423750}.Debug|Any CPU.ActiveCfg = Debug|Any CPU
		{23901F2A-311D-4C17-B99A-840F11423750}.Debug|Any CPU.Build.0 = Debug|Any CPU
		{23901F2A-311D-4C17-B99A-840F11423750}.Release|Any CPU.ActiveCfg = Release|Any CPU
		{23901F2A-311D-4C17-B99A-840F11423750}.Release|Any CPU.Build.0 = Release|Any CPU
		{347F2980-E823-45BB-94F4-FF09D1DCB1C3}.Debug|Any CPU.ActiveCfg = Debug|Any CPU
		{347F2980-E823-45BB-94F4-FF09D1DCB1C3}.Debug|Any CPU.Build.0 = Debug|Any CPU
		{347F2980-E823-45BB-94F4-FF09D1DCB1C3}.Release|Any CPU.ActiveCfg = Release|Any CPU
		{347F2980-E823-45BB-94F4-FF09D1DCB1C3}.Release|Any CPU.Build.0 = Release|Any CPU
		{89E9F01A-1867-4638-B0FC-6029A4130F55}.Debug|Any CPU.ActiveCfg = Debug|Any CPU
		{89E9F01A-1867-4638-B0FC-6029A4130F55}.Debug|Any CPU.Build.0 = Debug|Any CPU
		{89E9F01A-1867-4638-B0FC-6029A4130F55}.Release|Any CPU.ActiveCfg = Release|Any CPU
		{89E9F01A-1867-4638-B0FC-6029A4130F55}.Release|Any CPU.Build.0 = Release|Any CPU
	EndGlobalSection
	GlobalSection(SolutionProperties) = preSolution
		HideSolutionNode = FALSE
	EndGlobalSection
	GlobalSection(NestedProjects) = preSolution
		{AF5BDB36-7F67-45DB-979D-A797D7C0F2B3} = {9CC45EB8-7423-420F-9980-922D9B0B5FB4}
		{35CB278D-1C19-49DB-B2C6-16BA99E2B493} = {9CC45EB8-7423-420F-9980-922D9B0B5FB4}
		{7D3527C1-0259-435A-967F-25DC3A6EB397} = {9CC45EB8-7423-420F-9980-922D9B0B5FB4}
		{9C4F1973-8575-4F16-A37D-188E9D686E9B} = {4DDD4045-EE85-42E3-BE22-48FE9985E5FF}
		{C3B8A5D4-9EA3-45FA-9B38-7E11E2F11B31} = {4DDD4045-EE85-42E3-BE22-48FE9985E5FF}
		{F093DED7-4FEB-411D-B724-958EE20504F7} = {4DDD4045-EE85-42E3-BE22-48FE9985E5FF}
		{04442BF7-6B7C-425A-B713-23B456785854} = {FB5CB611-A73B-48F8-BF84-2D13E5245AFE}
		{7B9AE2E8-7BBF-425F-9E81-FFED1160D530} = {FB5CB611-A73B-48F8-BF84-2D13E5245AFE}
		{7C4EA57F-4713-4E62-AF1A-CA0316C136B8} = {4DDD4045-EE85-42E3-BE22-48FE9985E5FF}
		{D173E392-375F-4B3D-8E2B-50C41FC25197} = {AF5BDB36-7F67-45DB-979D-A797D7C0F2B3}
		{5289F031-97AD-4545-B123-DC6C90368533} = {AF5BDB36-7F67-45DB-979D-A797D7C0F2B3}
		{20BCA4BD-C6F5-4CE6-B093-A4AFBE25C707} = {AF5BDB36-7F67-45DB-979D-A797D7C0F2B3}
		{23901F2A-311D-4C17-B99A-840F11423750} = {35CB278D-1C19-49DB-B2C6-16BA99E2B493}
		{347F2980-E823-45BB-94F4-FF09D1DCB1C3} = {35CB278D-1C19-49DB-B2C6-16BA99E2B493}
		{89E9F01A-1867-4638-B0FC-6029A4130F55} = {7D3527C1-0259-435A-967F-25DC3A6EB397}
	EndGlobalSection
	GlobalSection(ExtensibilityGlobals) = postSolution
		SolutionGuid = {77014BB2-F473-40D8-B669-D493222CB736}
	EndGlobalSection
EndGlobal
